
Microsoft Visual Studio Solution File, Format Version 12.00
# Visual Studio 15
VisualStudioVersion = 15.0.27130.2036
MinimumVisualStudioVersion = 10.0.40219.1
Project("{FAE04EC0-301F-11D3-BF4B-00C04F79EFBC}") = "NC20.Web", "NC20.Web\NC20.Web.csproj", "{1175D529-09CB-4E73-B28A-BF4B8FC05733}"
EndProject
Project("{9A19103F-16F7-4668-BE54-9A1E7A4F7556}") = "NC20.Entities", "NC20.Entities\NC20.Entities.csproj", "{BF645649-1874-4524-82DC-014B84D2CA05}"
EndProject
Project("{9A19103F-16F7-4668-BE54-9A1E7A4F7556}") = "NC20.Common", "NC20.Common\NC20.Common.csproj", "{04A85CB6-2293-4B2E-90BC-3277929CB91C}"
EndProject
Project("{9A19103F-16F7-4668-BE54-9A1E7A4F7556}") = "NC20.Repository", "NC20.Repository\NC20.Repository.csproj", "{C9B8D1DA-8D74-485C-810B-F023529DD65E}"
EndProject
Global
	GlobalSection(SolutionConfigurationPlatforms) = preSolution
		Debug|Any CPU = Debug|Any CPU
		Release|Any CPU = Release|Any CPU
	EndGlobalSection
	GlobalSection(ProjectConfigurationPlatforms) = postSolution
		{1175D529-09CB-4E73-B28A-BF4B8FC05733}.Debug|Any CPU.ActiveCfg = Debug|Any CPU
		{1175D529-09CB-4E73-B28A-BF4B8FC05733}.Debug|Any CPU.Build.0 = Debug|Any CPU
		{1175D529-09CB-4E73-B28A-BF4B8FC05733}.Release|Any CPU.ActiveCfg = Release|Any CPU
		{1175D529-09CB-4E73-B28A-BF4B8FC05733}.Release|Any CPU.Build.0 = Release|Any CPU
		{BF645649-1874-4524-82DC-014B84D2CA05}.Debug|Any CPU.ActiveCfg = Debug|Any CPU
		{BF645649-1874-4524-82DC-014B84D2CA05}.Debug|Any CPU.Build.0 = Debug|Any CPU
		{BF645649-1874-4524-82DC-014B84D2CA05}.Release|Any CPU.ActiveCfg = Release|Any CPU
		{BF645649-1874-4524-82DC-014B84D2CA05}.Release|Any CPU.Build.0 = Release|Any CPU
		{04A85CB6-2293-4B2E-90BC-3277929CB91C}.Debug|Any CPU.ActiveCfg = Debug|Any CPU
		{04A85CB6-2293-4B2E-90BC-3277929CB91C}.Debug|Any CPU.Build.0 = Debug|Any CPU
		{04A85CB6-2293-4B2E-90BC-3277929CB91C}.Release|Any CPU.ActiveCfg = Release|Any CPU
		{04A85CB6-2293-4B2E-90BC-3277929CB91C}.Release|Any CPU.Build.0 = Release|Any CPU
		{C9B8D1DA-8D74-485C-810B-F023529DD65E}.Debug|Any CPU.ActiveCfg = Debug|Any CPU
		{C9B8D1DA-8D74-485C-810B-F023529DD65E}.Debug|Any CPU.Build.0 = Debug|Any CPU
		{C9B8D1DA-8D74-485C-810B-F023529DD65E}.Release|Any CPU.ActiveCfg = Release|Any CPU
		{C9B8D1DA-8D74-485C-810B-F023529DD65E}.Release|Any CPU.Build.0 = Release|Any CPU
	EndGlobalSection
	GlobalSection(SolutionProperties) = preSolution
		HideSolutionNode = FALSE
	EndGlobalSection
	GlobalSection(ExtensibilityGlobals) = postSolution
		SolutionGuid = {2DFE3D6F-22E1-4FE0-B8FB-A2A887526E3F}
	EndGlobalSection
EndGlobal
